Microsoft Visual Studio Solution File, Format Version 12.00
# Visual Studio 2012
Project("{FAE04EC0-301F-11D3-BF4B-00C04F79EFBC}") = "SPEP", "SPEP.csproj", "{DF5440B3-AE1B-4674-8B74-32E01C5F9334}"
EndProject
Global
	GlobalSection(SolutionConfigurationPlatforms) = preSolution
	Debug|Any CPU = Debug|Any CPU
	ExportDebug|Any CPU = ExportDebug|Any CPU
	ExportRelease|Any CPU = ExportRelease|Any CPU
	EndGlobalSection
	GlobalSection(ProjectConfigurationPlatforms) = postSolution
		{DF5440B3-AE1B-4674-8B74-32E01C5F9334}.Debug|Any CPU.ActiveCfg = Debug|Any CPU
		{DF5440B3-AE1B-4674-8B74-32E01C5F9334}.Debug|Any CPU.Build.0 = Debug|Any CPU
		{DF5440B3-AE1B-4674-8B74-32E01C5F9334}.ExportDebug|Any CPU.ActiveCfg = ExportDebug|Any CPU
		{DF5440B3-AE1B-4674-8B74-32E01C5F9334}.ExportDebug|Any CPU.Build.0 = ExportDebug|Any CPU
		{DF5440B3-AE1B-4674-8B74-32E01C5F9334}.ExportRelease|Any CPU.ActiveCfg = ExportRelease|Any CPU
		{DF5440B3-AE1B-4674-8B74-32E01C5F9334}.ExportRelease|Any CPU.Build.0 = ExportRelease|Any CPU
	EndGlobalSection
EndGlobal
